
Microsoft Visual Studio Solution File, Format Version 12.00
# Visual Studio Version 17
VisualStudioVersion = 17.14.36212.18
MinimumVisualStudioVersion = 10.0.40219.1
Project("{FAE04EC0-301F-11D3-BF4B-00C04F79EFBC}") = "LeaveManagementSystem", "LeaveManagementSystem\LeaveManagementSystem.csproj", "{8E29BB22-9912-489C-884A-7FD31034211B}"
EndProject
Project("{FAE04EC0-301F-11D3-BF4B-00C04F79EFBC}") = "LeaveManagementSystem.Data", "LeaveManagementSystem.Data\LeaveManagementSystem.Data.csproj", "{7A5E211E-B16D-41DB-9FB1-36F4D3A3FAF1}"
EndProject
Project("{FAE04EC0-301F-11D3-BF4B-00C04F79EFBC}") = "LeaveManagementSystem.Application", "LeaveManagementSystem.Application\LeaveManagementSystem.Application.csproj", "{25B9412A-6336-4788-899B-20C171B52D67}"
EndProject
Global
	GlobalSection(SolutionConfigurationPlatforms) = preSolution
		Debug|Any CPU = Debug|Any CPU
		Release|Any CPU = Release|Any CPU
	EndGlobalSection
	GlobalSection(ProjectConfigurationPlatforms) = postSolution
		{8E29BB22-9912-489C-884A-7FD31034211B}.Debug|Any CPU.ActiveCfg = Debug|Any CPU
		{8E29BB22-9912-489C-884A-7FD31034211B}.Debug|Any CPU.Build.0 = Debug|Any CPU
		{8E29BB22-9912-489C-884A-7FD31034211B}.Release|Any CPU.ActiveCfg = Release|Any CPU
		{8E29BB22-9912-489C-884A-7FD31034211B}.Release|Any CPU.Build.0 = Release|Any CPU
		{7A5E211E-B16D-41DB-9FB1-36F4D3A3FAF1}.Debug|Any CPU.ActiveCfg = Debug|Any CPU
		{7A5E211E-B16D-41DB-9FB1-36F4D3A3FAF1}.Debug|Any CPU.Build.0 = Debug|Any CPU
		{7A5E211E-B16D-41DB-9FB1-36F4D3A3FAF1}.Release|Any CPU.ActiveCfg = Release|Any CPU
		{7A5E211E-B16D-41DB-9FB1-36F4D3A3FAF1}.Release|Any CPU.Build.0 = Release|Any CPU
		{25B9412A-6336-4788-899B-20C171B52D67}.Debug|Any CPU.ActiveCfg = Debug|Any CPU
		{25B9412A-6336-4788-899B-20C171B52D67}.Debug|Any CPU.Build.0 = Debug|Any CPU
		{25B9412A-6336-4788-899B-20C171B52D67}.Release|Any CPU.ActiveCfg = Release|Any CPU
		{25B9412A-6336-4788-899B-20C171B52D67}.Release|Any CPU.Build.0 = Release|Any CPU
	EndGlobalSection
	GlobalSection(SolutionProperties) = preSolution
		HideSolutionNode = FALSE
	EndGlobalSection
	GlobalSection(ExtensibilityGlobals) = postSolution
		SolutionGuid = {E1B7DF0E-194C-4250-9788-9C3EB9A814C6}
	EndGlobalSection
EndGlobal
